// !$*UTF8*$!
{
	archiveVersion = 1;
	classes = {
	};
	objectVersion = 50;
	objects = {

/* Begin PBXBuildFile section */
		8334E9A5B4750A4FA7E64502 /* Pods_Massimiliano.framework in Frameworks */ = {isa = PBXBuildFile; fileRef = CF2DD5AC52C7B5963CD02109 /* Pods_Massimiliano.framework */; };
		BA143E8B239075B90024BB65 /* ApplicationConstants.swift in Sources */ = {isa = PBXBuildFile; fileRef = BA143E8A239075B90024BB65 /* ApplicationConstants.swift */; };
		BA143E92239076F30024BB65 /* Graph.swift in Sources */ = {isa = PBXBuildFile; fileRef = BA143E90239076F30024BB65 /* Graph.swift */; };
		BA143E94239077070024BB65 /* FaceAPI.swift in Sources */ = {isa = PBXBuildFile; fileRef = BA143E93239077070024BB65 /* FaceAPI.swift */; };
		BA143E96239081D40024BB65 /* PhotoEmotion.swift in Sources */ = {isa = PBXBuildFile; fileRef = BA143E95239081D40024BB65 /* PhotoEmotion.swift */; };
		BA143E9823930A200024BB65 /* GalleryEmotionImage.swift in Sources */ = {isa = PBXBuildFile; fileRef = BA143E9723930A200024BB65 /* GalleryEmotionImage.swift */; };
		BA143E9A239317FF0024BB65 /* SelectedMoodPhotosViewController.swift in Sources */ = {isa = PBXBuildFile; fileRef = BA143E99239317FF0024BB65 /* SelectedMoodPhotosViewController.swift */; };
		BA143E9D239319190024BB65 /* SelectedMoodPhotoCollectionViewCell.swift in Sources */ = {isa = PBXBuildFile; fileRef = BA143E9B239319190024BB65 /* SelectedMoodPhotoCollectionViewCell.swift */; };
		BA143E9E239319190024BB65 /* SelectedMoodPhotoCollectionViewCell.xib in Resources */ = {isa = PBXBuildFile; fileRef = BA143E9C239319190024BB65 /* SelectedMoodPhotoCollectionViewCell.xib */; };
		BA143EA02393DF360024BB65 /* MoodPhotoViewController.swift in Sources */ = {isa = PBXBuildFile; fileRef = BA143E9F2393DF360024BB65 /* MoodPhotoViewController.swift */; };
		BA25806F23E353F20037CA10 /* SettingsViewController.swift in Sources */ = {isa = PBXBuildFile; fileRef = BA25806E23E353F20037CA10 /* SettingsViewController.swift */; };
		BA25807123E3554B0037CA10 /* IAPShowViewController.swift in Sources */ = {isa = PBXBuildFile; fileRef = BA25807023E3554B0037CA10 /* IAPShowViewController.swift */; };
		BA5253A323D8F7F900588A35 /* MoodReelCollectionViewCell.swift in Sources */ = {isa = PBXBuildFile; fileRef = BA5253A123D8F7F900588A35 /* MoodReelCollectionViewCell.swift */; };
		BA5253A423D8F7F900588A35 /* MoodReelCollectionViewCell.xib in Resources */ = {isa = PBXBuildFile; fileRef = BA5253A223D8F7F900588A35 /* MoodReelCollectionViewCell.xib */; };
		BA52E14F23D7A0F4009FCAE4 /* MoodRealViewController.swift in Sources */ = {isa = PBXBuildFile; fileRef = BA52E14E23D7A0F4009FCAE4 /* MoodRealViewController.swift */; };
		BA5B51052365870600BC128E /* AppDelegate.swift in Sources */ = {isa = PBXBuildFile; fileRef = BA5B51042365870600BC128E /* AppDelegate.swift */; };
		BA5B510A2365870600BC128E /* Main.storyboard in Resources */ = {isa = PBXBuildFile; fileRef = BA5B51082365870600BC128E /* Main.storyboard */; };
		BA5B510C2365870800BC128E /* Assets.xcassets in Resources */ = {isa = PBXBuildFile; fileRef = BA5B510B2365870800BC128E /* Assets.xcassets */; };
		BA5B510F2365870800BC128E /* LaunchScreen.storyboard in Resources */ = {isa = PBXBuildFile; fileRef = BA5B510D2365870800BC128E /* LaunchScreen.storyboard */; };
		BA5B511A2365870800BC128E /* MassimilianoTests.swift in Sources */ = {isa = PBXBuildFile; fileRef = BA5B51192365870800BC128E /* MassimilianoTests.swift */; };
		BA5B51252365870800BC128E /* MassimilianoUITests.swift in Sources */ = {isa = PBXBuildFile; fileRef = BA5B51242365870800BC128E /* MassimilianoUITests.swift */; };
		BA8B95262365DBF50043A79A /* SFProDisplay-Ultralight.ttf in Resources */ = {isa = PBXBuildFile; fileRef = BA8B94DC2365DBF50043A79A /* SFProDisplay-Ultralight.ttf */; };
		BA8B952B2365DBF50043A79A /* SFProDisplay-RegularItalic.ttf in Resources */ = {isa = PBXBuildFile; fileRef = BA8B94E12365DBF50043A79A /* SFProDisplay-RegularItalic.ttf */; };
		BA8B95312365DBF50043A79A /* SFProDisplay-SemiboldItalic.ttf in Resources */ = {isa = PBXBuildFile; fileRef = BA8B94E72365DBF50043A79A /* SFProDisplay-SemiboldItalic.ttf */; };
		BA8B95352365DBF50043A79A /* SFProDisplay-BoldItalic.ttf in Resources */ = {isa = PBXBuildFile; fileRef = BA8B94EB2365DBF50043A79A /* SFProDisplay-BoldItalic.ttf */; };
		BA8B95362365DBF50043A79A /* SFProDisplay-Medium.ttf in Resources */ = {isa = PBXBuildFile; fileRef = BA8B94EC2365DBF50043A79A /* SFProDisplay-Medium.ttf */; };
		BA8B95372365DBF50043A79A /* SFProDisplay-Black.ttf in Resources */ = {isa = PBXBuildFile; fileRef = BA8B94ED2365DBF50043A79A /* SFProDisplay-Black.ttf */; };
		BA8B953C2365DBF50043A79A /* SFProDisplay-ThinItalic.ttf in Resources */ = {isa = PBXBuildFile; fileRef = BA8B94F22365DBF50043A79A /* SFProDisplay-ThinItalic.ttf */; };
		BA8B953F2365DBF50043A79A /* SFProDisplay-Light.ttf in Resources */ = {isa = PBXBuildFile; fileRef = BA8B94F52365DBF50043A79A /* SFProDisplay-Light.ttf */; };
		BA8B95402365DBF50043A79A /* SFProDisplay-Regular.ttf in Resources */ = {isa = PBXBuildFile; fileRef = BA8B94F62365DBF50043A79A /* SFProDisplay-Regular.ttf */; };
		BA8B95412365DBF50043A79A /* SFProDisplay-BlackItalic.ttf in Resources */ = {isa = PBXBuildFile; fileRef = BA8B94F72365DBF50043A79A /* SFProDisplay-BlackItalic.ttf */; };
		BA8B95512365DBF50043A79A /* SFProDisplay-MediumItalic.ttf in Resources */ = {isa = PBXBuildFile; fileRef = BA8B95072365DBF50043A79A /* SFProDisplay-MediumItalic.ttf */; };
		BA8B95532365DBF50043A79A /* SFProDisplay-Bold.ttf in Resources */ = {isa = PBXBuildFile; fileRef = BA8B95092365DBF50043A79A /* SFProDisplay-Bold.ttf */; };
		BA8B95592365DBF50043A79A /* SFProDisplay-HeavyItalic.ttf in Resources */ = {isa = PBXBuildFile; fileRef = BA8B950F2365DBF50043A79A /* SFProDisplay-HeavyItalic.ttf */; };
		BA8B955A2365DBF50043A79A /* SFProDisplay-Semibold.ttf in Resources */ = {isa = PBXBuildFile; fileRef = BA8B95102365DBF50043A79A /* SFProDisplay-Semibold.ttf */; };
		BA8B955C2365DBF50043A79A /* SFProDisplay-Heavy.ttf in Resources */ = {isa = PBXBuildFile; fileRef = BA8B95122365DBF50043A79A /* SFProDisplay-Heavy.ttf */; };
		BA8B955E2365DBF50043A79A /* SFProDisplay-LightItalic.ttf in Resources */ = {isa = PBXBuildFile; fileRef = BA8B95142365DBF50043A79A /* SFProDisplay-LightItalic.ttf */; };
		BA8B95632365DBF50043A79A /* SFProDisplay-UltralightItalic.ttf in Resources */ = {isa = PBXBuildFile; fileRef = BA8B95192365DBF50043A79A /* SFProDisplay-UltralightItalic.ttf */; };
		BA8B95642365DBF50043A79A /* SFProDisplay-Thin.ttf in Resources */ = {isa = PBXBuildFile; fileRef = BA8B951A2365DBF50043A79A /* SFProDisplay-Thin.ttf */; };
		BA8B95A32365E04C0043A79A /* SwiftySideMenuHelper.swift in Sources */ = {isa = PBXBuildFile; fileRef = BA8B956C2365E04C0043A79A /* SwiftySideMenuHelper.swift */; };
		BA8B95A42365E04C0043A79A /* menuButton.png in Resources */ = {isa = PBXBuildFile; fileRef = BA8B956D2365E04C0043A79A /* menuButton.png */; };
		BA8B95A52365E04C0043A79A /* SwiftySideMenuImageView.swift in Sources */ = {isa = PBXBuildFile; fileRef = BA8B956E2365E04C0043A79A /* SwiftySideMenuImageView.swift */; };
		BA8B95A62365E04C0043A79A /* SwiftySideMenuChildViewControllers.swift in Sources */ = {isa = PBXBuildFile; fileRef = BA8B956F2365E04C0043A79A /* SwiftySideMenuChildViewControllers.swift */; };
		BA8B95A72365E04C0043A79A /* SwiftySideMenuViewController.swift in Sources */ = {isa = PBXBuildFile; fileRef = BA8B95702365E04C0043A79A /* SwiftySideMenuViewController.swift */; };
		BA8B95A82365E04C0043A79A /* SwiftySideMenuInfo.swift in Sources */ = {isa = PBXBuildFile; fileRef = BA8B95722365E04C0043A79A /* SwiftySideMenuInfo.swift */; };
		BA8B95A92365E04C0043A79A /* SwiftySideMenuImageView.xib in Resources */ = {isa = PBXBuildFile; fileRef = BA8B95732365E04C0043A79A /* SwiftySideMenuImageView.xib */; };
		BA8B95AA2365E04C0043A79A /* SwiftySideMenuDataSource.swift in Sources */ = {isa = PBXBuildFile; fileRef = BA8B95742365E04C0043A79A /* SwiftySideMenuDataSource.swift */; };
		BA8B95AB2365E04C0043A79A /* dismissViewOverlay.png in Resources */ = {isa = PBXBuildFile; fileRef = BA8B95752365E04C0043A79A /* dismissViewOverlay.png */; };
		BA8B95AD2365E04C0043A79A /* DateExtension.swift in Sources */ = {isa = PBXBuildFile; fileRef = BA8B95782365E04C0043A79A /* DateExtension.swift */; };
		BA8B95AE2365E04C0043A79A /* NotificationTypes.swift in Sources */ = {isa = PBXBuildFile; fileRef = BA8B957A2365E04C0043A79A /* NotificationTypes.swift */; };
		BA8B95AF2365E04C0043A79A /* DoubleExtension.swift in Sources */ = {isa = PBXBuildFile; fileRef = BA8B957C2365E04C0043A79A /* DoubleExtension.swift */; };
		BA8B95B02365E04C0043A79A /* UIImageExtension.swift in Sources */ = {isa = PBXBuildFile; fileRef = BA8B957E2365E04C0043A79A /* UIImageExtension.swift */; };
		BA8B95B12365E04C0043A79A /* FormValidator.swift in Sources */ = {isa = PBXBuildFile; fileRef = BA8B95802365E04C0043A79A /* FormValidator.swift */; };
		BA8B95B22365E04C0043A79A /* UILabelExtension.swift in Sources */ = {isa = PBXBuildFile; fileRef = BA8B95822365E04C0043A79A /* UILabelExtension.swift */; };
		BA8B95B32365E04C0043A79A /* EasySwitchDelegate.swift in Sources */ = {isa = PBXBuildFile; fileRef = BA8B95842365E04C0043A79A /* EasySwitchDelegate.swift */; };
		BA8B95B42365E04C0043A79A /* EasySwitch.xib in Resources */ = {isa = PBXBuildFile; fileRef = BA8B95852365E04C0043A79A /* EasySwitch.xib */; };
		BA8B95B52365E04C0043A79A /* EasySwitch.swift in Sources */ = {isa = PBXBuildFile; fileRef = BA8B95862365E04C0043A79A /* EasySwitch.swift */; };
		BA8B95B62365E04C0043A79A /* AppStoryboard.swift in Sources */ = {isa = PBXBuildFile; fileRef = BA8B95882365E04C0043A79A /* AppStoryboard.swift */; };
		BA8B95B72365E04C0043A79A /* TagFlowLayout.swift in Sources */ = {isa = PBXBuildFile; fileRef = BA8B958A2365E04C0043A79A /* TagFlowLayout.swift */; };
		BA8B95B82365E04C0043A79A /* AppData.swift in Sources */ = {isa = PBXBuildFile; fileRef = BA8B958C2365E04C0043A79A /* AppData.swift */; };
		BA8B95B92365E04C0043A79A /* ArrayExtension.swift in Sources */ = {isa = PBXBuildFile; fileRef = BA8B958E2365E04C0043A79A /* ArrayExtension.swift */; };
		BA8B95BA2365E04C0043A79A /* MyAwesomeTextField.swift in Sources */ = {isa = PBXBuildFile; fileRef = BA8B95902365E04C0043A79A /* MyAwesomeTextField.swift */; };
		BA8B95BB2365E04C0043A79A /* MyAwsomeButton.swift in Sources */ = {isa = PBXBuildFile; fileRef = BA8B95912365E04C0043A79A /* MyAwsomeButton.swift */; };
		BA8B95BC2365E04C0043A79A /* MyAwesomeTextView.swift in Sources */ = {isa = PBXBuildFile; fileRef = BA8B95922365E04C0043A79A /* MyAwesomeTextView.swift */; };
		BA8B95BD2365E04C0043A79A /* MyAwesomeView.swift in Sources */ = {isa = PBXBuildFile; fileRef = BA8B95932365E04C0043A79A /* MyAwesomeView.swift */; };
		BA8B95BE2365E04C0043A79A /* MyGradientView.swift in Sources */ = {isa = PBXBuildFile; fileRef = BA8B95942365E04C0043A79A /* MyGradientView.swift */; };
		BA8B95BF2365E04C0043A79A /* ViewExtension.swift in Sources */ = {isa = PBXBuildFile; fileRef = BA8B95962365E04C0043A79A /* ViewExtension.swift */; };
		BA8B95C02365E04C0043A79A /* NoDataView.swift in Sources */ = {isa = PBXBuildFile; fileRef = BA8B95982365E04C0043A79A /* NoDataView.swift */; };
		BA8B95C12365E04C0043A79A /* NoDataView.xib in Resources */ = {isa = PBXBuildFile; fileRef = BA8B95992365E04C0043A79A /* NoDataView.xib */; };
		BA8B95C22365E04C0043A79A /* CameraHandler.swift in Sources */ = {isa = PBXBuildFile; fileRef = BA8B959B2365E04C0043A79A /* CameraHandler.swift */; };
		BA8B95C32365E04C0043A79A /* AlertController.swift in Sources */ = {isa = PBXBuildFile; fileRef = BA8B959D2365E04C0043A79A /* AlertController.swift */; };
		BA8B95C42365E04C0043A79A /* StringExtension.swift in Sources */ = {isa = PBXBuildFile; fileRef = BA8B959F2365E04C0043A79A /* StringExtension.swift */; };
		BA8B95C52365E04C0043A79A /* SimpleLoadingView.swift in Sources */ = {isa = PBXBuildFile; fileRef = BA8B95A12365E04C0043A79A /* SimpleLoadingView.swift */; };
		BA8B95C62365E04C0043A79A /* SimpleLoadingView.xib in Resources */ = {isa = PBXBuildFile; fileRef = BA8B95A22365E04C0043A79A /* SimpleLoadingView.xib */; };
		BA8B95C82365E0D70043A79A /* LaunchViewController.swift in Sources */ = {isa = PBXBuildFile; fileRef = BA8B95C72365E0D70043A79A /* LaunchViewController.swift */; };
		BA8B95CA2365E1700043A79A /* NewUserPath.storyboard in Resources */ = {isa = PBXBuildFile; fileRef = BA8B95C92365E1700043A79A /* NewUserPath.storyboard */; };
		BA8B95CC2365E19C0043A79A /* Home.storyboard in Resources */ = {isa = PBXBuildFile; fileRef = BA8B95CB2365E19C0043A79A /* Home.storyboard */; };
		BA8B95D02365E9950043A79A /* WalkMeCollectionViewCell.swift in Sources */ = {isa = PBXBuildFile; fileRef = BA8B95CE2365E9950043A79A /* WalkMeCollectionViewCell.swift */; };
		BA8B95D12365E9960043A79A /* WalkMeCollectionViewCell.xib in Resources */ = {isa = PBXBuildFile; fileRef = BA8B95CF2365E9950043A79A /* WalkMeCollectionViewCell.xib */; };
		BA8B95D42365EADC0043A79A /* WalkMeViewController.swift in Sources */ = {isa = PBXBuildFile; fileRef = BA8B95D32365EADC0043A79A /* WalkMeViewController.swift */; };
		BA8B95D72366EE890043A79A /* HomeViewController.swift in Sources */ = {isa = PBXBuildFile; fileRef = BA8B95D62366EE890043A79A /* HomeViewController.swift */; };
		BA8B95D9236845330043A79A /* PhotosTab.storyboard in Resources */ = {isa = PBXBuildFile; fileRef = BA8B95D8236845330043A79A /* PhotosTab.storyboard */; };
		BA8B95DB236846120043A79A /* MoodsTab.storyboard in Resources */ = {isa = PBXBuildFile; fileRef = BA8B95DA236846120043A79A /* MoodsTab.storyboard */; };
		BA8B95DD236846A30043A79A /* SettingsTab.storyboard in Resources */ = {isa = PBXBuildFile; fileRef = BA8B95DC236846A30043A79A /* SettingsTab.storyboard */; };
		BA8B95E22369B7AA0043A79A /* PhotoGalleryCollectionViewCell.swift in Sources */ = {isa = PBXBuildFile; fileRef = BA8B95E02369B7AA0043A79A /* PhotoGalleryCollectionViewCell.swift */; };
		BA8B95E32369B7AA0043A79A /* PhotoGalleryCollectionViewCell.xib in Resources */ = {isa = PBXBuildFile; fileRef = BA8B95E12369B7AA0043A79A /* PhotoGalleryCollectionViewCell.xib */; };
		BA8B95E62369B8940043A79A /* PhotosTabViewController.swift in Sources */ = {isa = PBXBuildFile; fileRef = BA8B95E52369B8940043A79A /* PhotosTabViewController.swift */; };
		BA8B95EA2369BE710043A79A /* MoodsSectionCollectionViewCell.swift in Sources */ = {isa = PBXBuildFile; fileRef = BA8B95E82369BE710043A79A /* MoodsSectionCollectionViewCell.swift */; };
		BA8B95EB2369BE710043A79A /* MoodsSectionCollectionViewCell.xib in Resources */ = {isa = PBXBuildFile; fileRef = BA8B95E92369BE710043A79A /* MoodsSectionCollectionViewCell.xib */; };
		BA8B95EE2369C0290043A79A /* MoodsTabViewController.swift in Sources */ = {isa = PBXBuildFile; fileRef = BA8B95ED2369C0290043A79A /* MoodsTabViewController.swift */; };
		BA8F0611236E2671007597F5 /* PhotoEmotionCaptureViewController.swift in Sources */ = {isa = PBXBuildFile; fileRef = BA8F0610236E2671007597F5 /* PhotoEmotionCaptureViewController.swift */; };
		BA8F0613236E2B2E007597F5 /* ImageWithEmotion.swift in Sources */ = {isa = PBXBuildFile; fileRef = BA8F0612236E2B2E007597F5 /* ImageWithEmotion.swift */; };
/* End PBXBuildFile section */

/* Begin PBXContainerItemProxy section */
		BA5B51162365870800BC128E /* PBXContainerItemProxy */ = {
			isa = PBXContainerItemProxy;
			containerPortal = BA5B50F92365870600BC128E /* Project object */;
			proxyType = 1;
			remoteGlobalIDString = BA5B51002365870600BC128E;
			remoteInfo = Massimiliano;
		};
		BA5B51212365870800BC128E /* PBXContainerItemProxy */ = {
			isa = PBXContainerItemProxy;
			containerPortal = BA5B50F92365870600BC128E /* Project object */;
			proxyType = 1;
			remoteGlobalIDString = BA5B51002365870600BC128E;
			remoteInfo = Massimiliano;
		};
/* End PBXContainerItemProxy section */

/* Begin PBXFileReference section */
		3A678527D7D9199B46D2D681 /* Pods-Massimiliano.debug.xcconfig */ = {isa = PBXFileReference; includeInIndex = 1; lastKnownFileType = text.xcconfig; name = "Pods-Massimiliano.debug.xcconfig"; path = "Pods/Target Support Files/Pods-Massimiliano/Pods-Massimiliano.debug.xcconfig"; sourceTree = "<group>"; };
		BA143E8A239075B90024BB65 /* ApplicationConstants.swift */ = {isa = PBXFileReference; lastKnownFileType = sourcecode.swift; path = ApplicationConstants.swift; sourceTree = "<group>"; };
		BA143E90239076F30024BB65 /* Graph.swift */ = {isa = PBXFileReference; fileEncoding = 4; lastKnownFileType = sourcecode.swift; path = Graph.swift; sourceTree = "<group>"; };
		BA143E93239077070024BB65 /* FaceAPI.swift */ = {isa = PBXFileReference; fileEncoding = 4; lastKnownFileType = sourcecode.swift; path = FaceAPI.swift; sourceTree = "<group>"; };
		BA143E95239081D40024BB65 /* PhotoEmotion.swift */ = {isa = PBXFileReference; lastKnownFileType = sourcecode.swift; path = PhotoEmotion.swift; sourceTree = "<group>"; };
		BA143E9723930A200024BB65 /* GalleryEmotionImage.swift */ = {isa = PBXFileReference; lastKnownFileType = sourcecode.swift; path = GalleryEmotionImage.swift; sourceTree = "<group>"; };
		BA143E99239317FF0024BB65 /* SelectedMoodPhotosViewController.swift */ = {isa = PBXFileReference; lastKnownFileType = sourcecode.swift; path = SelectedMoodPhotosViewController.swift; sourceTree = "<group>"; };
		BA143E9B239319190024BB65 /* SelectedMoodPhotoCollectionViewCell.swift */ = {isa = PBXFileReference; lastKnownFileType = sourcecode.swift; path = SelectedMoodPhotoCollectionViewCell.swift; sourceTree = "<group>"; };
		BA143E9C239319190024BB65 /* SelectedMoodPhotoCollectionViewCell.xib */ = {isa = PBXFileReference; lastKnownFileType = file.xib; path = SelectedMoodPhotoCollectionViewCell.xib; sourceTree = "<group>"; };
		BA143E9F2393DF360024BB65 /* MoodPhotoViewController.swift */ = {isa = PBXFileReference; lastKnownFileType = sourcecode.swift; path = MoodPhotoViewController.swift; sourceTree = "<group>"; };
		BA25806E23E353F20037CA10 /* SettingsViewController.swift */ = {isa = PBXFileReference; lastKnownFileType = sourcecode.swift; path = SettingsViewController.swift; sourceTree = "<group>"; };
		BA25807023E3554B0037CA10 /* IAPShowViewController.swift */ = {isa = PBXFileReference; lastKnownFileType = sourcecode.swift; path = IAPShowViewController.swift; sourceTree = "<group>"; };
		BA5253A123D8F7F900588A35 /* MoodReelCollectionViewCell.swift */ = {isa = PBXFileReference; lastKnownFileType = sourcecode.swift; path = MoodReelCollectionViewCell.swift; sourceTree = "<group>"; };
		BA5253A223D8F7F900588A35 /* MoodReelCollectionViewCell.xib */ = {isa = PBXFileReference; lastKnownFileType = file.xib; path = MoodReelCollectionViewCell.xib; sourceTree = "<group>"; };
		BA52E14E23D7A0F4009FCAE4 /* MoodRealViewController.swift */ = {isa = PBXFileReference; lastKnownFileType = sourcecode.swift; path = MoodRealViewController.swift; sourceTree = "<group>"; };
		BA5B51012365870600BC128E /* FeelPics.app */ = {isa = PBXFileReference; explicitFileType = wrapper.application; includeInIndex = 0; path = FeelPics.app; sourceTree = BUILT_PRODUCTS_DIR; };
		BA5B51042365870600BC128E /* AppDelegate.swift */ = {isa = PBXFileReference; lastKnownFileType = sourcecode.swift; path = AppDelegate.swift; sourceTree = "<group>"; };
		BA5B51092365870600BC128E /* Base */ = {isa = PBXFileReference; lastKnownFileType = file.storyboard; name = Base; path = Base.lproj/Main.storyboard; sourceTree = "<group>"; };
		BA5B510B2365870800BC128E /* Assets.xcassets */ = {isa = PBXFileReference; lastKnownFileType = folder.assetcatalog; path = Assets.xcassets; sourceTree = "<group>"; };
		BA5B510E2365870800BC128E /* Base */ = {isa = PBXFileReference; lastKnownFileType = file.storyboard; name = Base; path = Base.lproj/LaunchScreen.storyboard; sourceTree = "<group>"; };
		BA5B51102365870800BC128E /* Info.plist */ = {isa = PBXFileReference; lastKnownFileType = text.plist.xml; path = Info.plist; sourceTree = "<group>"; };
		BA5B51152365870800BC128E /* MassimilianoTests.xctest */ = {isa = PBXFileReference; explicitFileType = wrapper.cfbundle; includeInIndex = 0; path = MassimilianoTests.xctest; sourceTree = BUILT_PRODUCTS_DIR; };
		BA5B51192365870800BC128E /* MassimilianoTests.swift */ = {isa = PBXFileReference; lastKnownFileType = sourcecode.swift; path = MassimilianoTests.swift; sourceTree = "<group>"; };
		BA5B511B2365870800BC128E /* Info.plist */ = {isa = PBXFileReference; lastKnownFileType = text.plist.xml; path = Info.plist; sourceTree = "<group>"; };
		BA5B51202365870800BC128E /* MassimilianoUITests.xctest */ = {isa = PBXFileReference; explicitFileType = wrapper.cfbundle; includeInIndex = 0; path = MassimilianoUITests.xctest; sourceTree = BUILT_PRODUCTS_DIR; };
		BA5B51242365870800BC128E /* MassimilianoUITests.swift */ = {isa = PBXFileReference; lastKnownFileType = sourcecode.swift; path = MassimilianoUITests.swift; sourceTree = "<group>"; };
		BA5B51262365870800BC128E /* Info.plist */ = {isa = PBXFileReference; lastKnownFileType = text.plist.xml; path = Info.plist; sourceTree = "<group>"; };
		BA8B94DC2365DBF50043A79A /* SFProDisplay-Ultralight.ttf */ = {isa = PBXFileReference; lastKnownFileType = file; path = "SFProDisplay-Ultralight.ttf"; sourceTree = "<group>"; };
		BA8B94E12365DBF50043A79A /* SFProDisplay-RegularItalic.ttf */ = {isa = PBXFileReference; lastKnownFileType = file; path = "SFProDisplay-RegularItalic.ttf"; sourceTree = "<group>"; };
		BA8B94E72365DBF50043A79A /* SFProDisplay-SemiboldItalic.ttf */ = {isa = PBXFileReference; lastKnownFileType = file; path = "SFProDisplay-SemiboldItalic.ttf"; sourceTree = "<group>"; };
		BA8B94EB2365DBF50043A79A /* SFProDisplay-BoldItalic.ttf */ = {isa = PBXFileReference; lastKnownFileType = file; path = "SFProDisplay-BoldItalic.ttf"; sourceTree = "<group>"; };
		BA8B94EC2365DBF50043A79A /* SFProDisplay-Medium.ttf */ = {isa = PBXFileReference; lastKnownFileType = file; path = "SFProDisplay-Medium.ttf"; sourceTree = "<group>"; };
		BA8B94ED2365DBF50043A79A /* SFProDisplay-Black.ttf */ = {isa = PBXFileReference; lastKnownFileType = file; path = "SFProDisplay-Black.ttf"; sourceTree = "<group>"; };
		BA8B94F22365DBF50043A79A /* SFProDisplay-ThinItalic.ttf */ = {isa = PBXFileReference; lastKnownFileType = file; path = "SFProDisplay-ThinItalic.ttf"; sourceTree = "<group>"; };
		BA8B94F52365DBF50043A79A /* SFProDisplay-Light.ttf */ = {isa = PBXFileReference; lastKnownFileType = file; path = "SFProDisplay-Light.ttf"; sourceTree = "<group>"; };
		BA8B94F62365DBF50043A79A /* SFProDisplay-Regular.ttf */ = {isa = PBXFileReference; lastKnownFileType = file; path = "SFProDisplay-Regular.ttf"; sourceTree = "<group>"; };
		BA8B94F72365DBF50043A79A /* SFProDisplay-BlackItalic.ttf */ = {isa = PBXFileReference; lastKnownFileType = file; path = "SFProDisplay-BlackItalic.ttf"; sourceTree = "<group>"; };
		BA8B95072365DBF50043A79A /* SFProDisplay-MediumItalic.ttf */ = {isa = PBXFileReference; lastKnownFileType = file; path = "SFProDisplay-MediumItalic.ttf"; sourceTree = "<group>"; };
		BA8B95092365DBF50043A79A /* SFProDisplay-Bold.ttf */ = {isa = PBXFileReference; lastKnownFileType = file; path = "SFProDisplay-Bold.ttf"; sourceTree = "<group>"; };
		BA8B950F2365DBF50043A79A /* SFProDisplay-HeavyItalic.ttf */ = {isa = PBXFileReference; lastKnownFileType = file; path = "SFProDisplay-HeavyItalic.ttf"; sourceTree = "<group>"; };
		BA8B95102365DBF50043A79A /* SFProDisplay-Semibold.ttf */ = {isa = PBXFileReference; lastKnownFileType = file; path = "SFProDisplay-Semibold.ttf"; sourceTree = "<group>"; };
		BA8B95122365DBF50043A79A /* SFProDisplay-Heavy.ttf */ = {isa = PBXFileReference; lastKnownFileType = file; path = "SFProDisplay-Heavy.ttf"; sourceTree = "<group>"; };
		BA8B95142365DBF50043A79A /* SFProDisplay-LightItalic.ttf */ = {isa = PBXFileReference; lastKnownFileType = file; path = "SFProDisplay-LightItalic.ttf"; sourceTree = "<group>"; };
		BA8B95192365DBF50043A79A /* SFProDisplay-UltralightItalic.ttf */ = {isa = PBXFileReference; lastKnownFileType = file; path = "SFProDisplay-UltralightItalic.ttf"; sourceTree = "<group>"; };
		BA8B951A2365DBF50043A79A /* SFProDisplay-Thin.ttf */ = {isa = PBXFileReference; lastKnownFileType = file; path = "SFProDisplay-Thin.ttf"; sourceTree = "<group>"; };
		BA8B956C2365E04C0043A79A /* SwiftySideMenuHelper.swift */ = {isa = PBXFileReference; fileEncoding = 4; lastKnownFileType = sourcecode.swift; path = SwiftySideMenuHelper.swift; sourceTree = "<group>"; };
		BA8B956D2365E04C0043A79A /* menuButton.png */ = {isa = PBXFileReference; lastKnownFileType = image.png; path = menuButton.png; sourceTree = "<group>"; };
		BA8B956E2365E04C0043A79A /* SwiftySideMenuImageView.swift */ = {isa = PBXFileReference; fileEncoding = 4; lastKnownFileType = sourcecode.swift; path = SwiftySideMenuImageView.swift; sourceTree = "<group>"; };
		BA8B956F2365E04C0043A79A /* SwiftySideMenuChildViewControllers.swift */ = {isa = PBXFileReference; fileEncoding = 4; lastKnownFileType = sourcecode.swift; path = SwiftySideMenuChildViewControllers.swift; sourceTree = "<group>"; };
		BA8B95702365E04C0043A79A /* SwiftySideMenuViewController.swift */ = {isa = PBXFileReference; fileEncoding = 4; lastKnownFileType = sourcecode.swift; path = SwiftySideMenuViewController.swift; sourceTree = "<group>"; };
		BA8B95712365E04C0043A79A /* SwiftySideMenuO.h */ = {isa = PBXFileReference; fileEncoding = 4; lastKnownFileType = sourcecode.c.h; path = SwiftySideMenuO.h; sourceTree = "<group>"; };
		BA8B95722365E04C0043A79A /* SwiftySideMenuInfo.swift */ = {isa = PBXFileReference; fileEncoding = 4; lastKnownFileType = sourcecode.swift; path = SwiftySideMenuInfo.swift; sourceTree = "<group>"; };
		BA8B95732365E04C0043A79A /* SwiftySideMenuImageView.xib */ = {isa = PBXFileReference; fileEncoding = 4; lastKnownFileType = file.xib; path = SwiftySideMenuImageView.xib; sourceTree = "<group>"; };
		BA8B95742365E04C0043A79A /* SwiftySideMenuDataSource.swift */ = {isa = PBXFileReference; fileEncoding = 4; lastKnownFileType = sourcecode.swift; path = SwiftySideMenuDataSource.swift; sourceTree = "<group>"; };
		BA8B95752365E04C0043A79A /* dismissViewOverlay.png */ = {isa = PBXFileReference; lastKnownFileType = image.png; path = dismissViewOverlay.png; sourceTree = "<group>"; };
		BA8B95762365E04C0043A79A /* Info.plist */ = {isa = PBXFileReference; fileEncoding = 4; lastKnownFileType = text.plist.xml; path = Info.plist; sourceTree = "<group>"; };
		BA8B95782365E04C0043A79A /* DateExtension.swift */ = {isa = PBXFileReference; fileEncoding = 4; lastKnownFileType = sourcecode.swift; path = DateExtension.swift; sourceTree = "<group>"; };
		BA8B957A2365E04C0043A79A /* NotificationTypes.swift */ = {isa = PBXFileReference; fileEncoding = 4; lastKnownFileType = sourcecode.swift; path = NotificationTypes.swift; sourceTree = "<group>"; };
		BA8B957C2365E04C0043A79A /* DoubleExtension.swift */ = {isa = PBXFileReference; fileEncoding = 4; lastKnownFileType = sourcecode.swift; path = DoubleExtension.swift; sourceTree = "<group>"; };
		BA8B957E2365E04C0043A79A /* UIImageExtension.swift */ = {isa = PBXFileReference; fileEncoding = 4; lastKnownFileType = sourcecode.swift; path = UIImageExtension.swift; sourceTree = "<group>"; };
		BA8B95802365E04C0043A79A /* FormValidator.swift */ = {isa = PBXFileReference; fileEncoding = 4; lastKnownFileType = sourcecode.swift; path = FormValidator.swift; sourceTree = "<group>"; };
		BA8B95822365E04C0043A79A /* UILabelExtension.swift */ = {isa = PBXFileReference; fileEncoding = 4; lastKnownFileType = sourcecode.swift; path = UILabelExtension.swift; sourceTree = "<group>"; };
		BA8B95842365E04C0043A79A /* EasySwitchDelegate.swift */ = {isa = PBXFileReference; fileEncoding = 4; lastKnownFileType = sourcecode.swift; path = EasySwitchDelegate.swift; sourceTree = "<group>"; };
		BA8B95852365E04C0043A79A /* EasySwitch.xib */ = {isa = PBXFileReference; fileEncoding = 4; lastKnownFileType = file.xib; path = EasySwitch.xib; sourceTree = "<group>"; };
		BA8B95862365E04C0043A79A /* EasySwitch.swift */ = {isa = PBXFileReference; fileEncoding = 4; lastKnownFileType = sourcecode.swift; path = EasySwitch.swift; sourceTree = "<group>"; };
		BA8B95882365E04C0043A79A /* AppStoryboard.swift */ = {isa = PBXFileReference; fileEncoding = 4; lastKnownFileType = sourcecode.swift; path = AppStoryboard.swift; sourceTree = "<group>"; };
		BA8B958A2365E04C0043A79A /* TagFlowLayout.swift */ = {isa = PBXFileReference; fileEncoding = 4; lastKnownFileType = sourcecode.swift; path = TagFlowLayout.swift; sourceTree = "<group>"; };
		BA8B958C2365E04C0043A79A /* AppData.swift */ = {isa = PBXFileReference; fileEncoding = 4; lastKnownFileType = sourcecode.swift; path = AppData.swift; sourceTree = "<group>"; };
		BA8B958E2365E04C0043A79A /* ArrayExtension.swift */ = {isa = PBXFileReference; fileEncoding = 4; lastKnownFileType = sourcecode.swift; path = ArrayExtension.swift; sourceTree = "<group>"; };
		BA8B95902365E04C0043A79A /* MyAwesomeTextField.swift */ = {isa = PBXFileReference; fileEncoding = 4; lastKnownFileType = sourcecode.swift; path = MyAwesomeTextField.swift; sourceTree = "<group>"; };
		BA8B95912365E04C0043A79A /* MyAwsomeButton.swift */ = {isa = PBXFileReference; fileEncoding = 4; lastKnownFileType = sourcecode.swift; path = MyAwsomeButton.swift; sourceTree = "<group>"; };
		BA8B95922365E04C0043A79A /* MyAwesomeTextView.swift */ = {isa = PBXFileReference; fileEncoding = 4; lastKnownFileType = sourcecode.swift; path = MyAwesomeTextView.swift; sourceTree = "<group>"; };
		BA8B95932365E04C0043A79A /* MyAwesomeView.swift */ = {isa = PBXFileReference; fileEncoding = 4; lastKnownFileType = sourcecode.swift; path = MyAwesomeView.swift; sourceTree = "<group>"; };
		BA8B95942365E04C0043A79A /* MyGradientView.swift */ = {isa = PBXFileReference; fileEncoding = 4; lastKnownFileType = sourcecode.swift; path = MyGradientView.swift; sourceTree = "<group>"; };
		BA8B95962365E04C0043A79A /* ViewExtension.swift */ = {isa = PBXFileReference; fileEncoding = 4; lastKnownFileType = sourcecode.swift; path = ViewExtension.swift; sourceTree = "<group>"; };
		BA8B95982365E04C0043A79A /* NoDataView.swift */ = {isa = PBXFileReference; fileEncoding = 4; lastKnownFileType = sourcecode.swift; path = NoDataView.swift; sourceTree = "<group>"; };
		BA8B95992365E04C0043A79A /* NoDataView.xib */ = {isa = PBXFileReference; fileEncoding = 4; lastKnownFileType = file.xib; path = NoDataView.xib; sourceTree = "<group>"; };
		BA8B959B2365E04C0043A79A /* CameraHandler.swift */ = {isa = PBXFileReference; fileEncoding = 4; lastKnownFileType = sourcecode.swift; path = CameraHandler.swift; sourceTree = "<group>"; };
		BA8B959D2365E04C0043A79A /* AlertController.swift */ = {isa = PBXFileReference; fileEncoding = 4; lastKnownFileType = sourcecode.swift; path = AlertController.swift; sourceTree = "<group>"; };
		BA8B959F2365E04C0043A79A /* StringExtension.swift */ = {isa = PBXFileReference; fileEncoding = 4; lastKnownFileType = sourcecode.swift; path = StringExtension.swift; sourceTree = "<group>"; };
		BA8B95A12365E04C0043A79A /* SimpleLoadingView.swift */ = {isa = PBXFileReference; fileEncoding = 4; lastKnownFileType = sourcecode.swift; path = SimpleLoadingView.swift; sourceTree = "<group>"; };
		BA8B95A22365E04C0043A79A /* SimpleLoadingView.xib */ = {isa = PBXFileReference; fileEncoding = 4; lastKnownFileType = file.xib; path = SimpleLoadingView.xib; sourceTree = "<group>"; };
		BA8B95C72365E0D70043A79A /* LaunchViewController.swift */ = {isa = PBXFileReference; lastKnownFileType = sourcecode.swift; path = LaunchViewController.swift; sourceTree = "<group>"; };
		BA8B95C92365E1700043A79A /* NewUserPath.storyboard */ = {isa = PBXFileReference; lastKnownFileType = file.storyboard; path = NewUserPath.storyboard; sourceTree = "<group>"; };
		BA8B95CB2365E19C0043A79A /* Home.storyboard */ = {isa = PBXFileReference; lastKnownFileType = file.storyboard; path = Home.storyboard; sourceTree = "<group>"; };
		BA8B95CE2365E9950043A79A /* WalkMeCollectionViewCell.swift */ = {isa = PBXFileReference; lastKnownFileType = sourcecode.swift; path = WalkMeCollectionViewCell.swift; sourceTree = "<group>"; };
		BA8B95CF2365E9950043A79A /* WalkMeCollectionViewCell.xib */ = {isa = PBXFileReference; lastKnownFileType = file.xib; path = WalkMeCollectionViewCell.xib; sourceTree = "<group>"; };
		BA8B95D32365EADC0043A79A /* WalkMeViewController.swift */ = {isa = PBXFileReference; lastKnownFileType = sourcecode.swift; path = WalkMeViewController.swift; sourceTree = "<group>"; };
		BA8B95D62366EE890043A79A /* HomeViewController.swift */ = {isa = PBXFileReference; lastKnownFileType = sourcecode.swift; path = HomeViewController.swift; sourceTree = "<group>"; };
		BA8B95D8236845330043A79A /* PhotosTab.storyboard */ = {isa = PBXFileReference; lastKnownFileType = file.storyboard; path = PhotosTab.storyboard; sourceTree = "<group>"; };
		BA8B95DA236846120043A79A /* MoodsTab.storyboard */ = {isa = PBXFileReference; lastKnownFileType = file.storyboard; path = MoodsTab.storyboard; sourceTree = "<group>"; };
		BA8B95DC236846A30043A79A /* SettingsTab.storyboard */ = {isa = PBXFileReference; lastKnownFileType = file.storyboard; path = SettingsTab.storyboard; sourceTree = "<group>"; };
		BA8B95E02369B7AA0043A79A /* PhotoGalleryCollectionViewCell.swift */ = {isa = PBXFileReference; lastKnownFileType = sourcecode.swift; path = PhotoGalleryCollectionViewCell.swift; sourceTree = "<group>"; };
		BA8B95E12369B7AA0043A79A /* PhotoGalleryCollectionViewCell.xib */ = {isa = PBXFileReference; lastKnownFileType = file.xib; path = PhotoGalleryCollectionViewCell.xib; sourceTree = "<group>"; };
		BA8B95E52369B8940043A79A /* PhotosTabViewController.swift */ = {isa = PBXFileReference; lastKnownFileType = sourcecode.swift; path = PhotosTabViewController.swift; sourceTree = "<group>"; };
		BA8B95E82369BE710043A79A /* MoodsSectionCollectionViewCell.swift */ = {isa = PBXFileReference; lastKnownFileType = sourcecode.swift; path = MoodsSectionCollectionViewCell.swift; sourceTree = "<group>"; };
		BA8B95E92369BE710043A79A /* MoodsSectionCollectionViewCell.xib */ = {isa = PBXFileReference; lastKnownFileType = file.xib; path = MoodsSectionCollectionViewCell.xib; sourceTree = "<group>"; };
		BA8B95ED2369C0290043A79A /* MoodsTabViewController.swift */ = {isa = PBXFileReference; lastKnownFileType = sourcecode.swift; path = MoodsTabViewController.swift; sourceTree = "<group>"; };
		BA8F0610236E2671007597F5 /* PhotoEmotionCaptureViewController.swift */ = {isa = PBXFileReference; lastKnownFileType = sourcecode.swift; path = PhotoEmotionCaptureViewController.swift; sourceTree = "<group>"; };
		BA8F0612236E2B2E007597F5 /* ImageWithEmotion.swift */ = {isa = PBXFileReference; lastKnownFileType = sourcecode.swift; path = ImageWithEmotion.swift; sourceTree = "<group>"; };
		CF2DD5AC52C7B5963CD02109 /* Pods_Massimiliano.framework */ = {isa = PBXFileReference; explicitFileType = wrapper.framework; includeInIndex = 0; path = Pods_Massimiliano.framework; sourceTree = BUILT_PRODUCTS_DIR; };
		F6422E066E38D9F930A231A1 /* Pods-Massimiliano.release.xcconfig */ = {isa = PBXFileReference; includeInIndex = 1; lastKnownFileType = text.xcconfig; name = "Pods-Massimiliano.release.xcconfig"; path = "Pods/Target Support Files/Pods-Massimiliano/Pods-Massimiliano.release.xcconfig"; sourceTree = "<group>"; };
/* End PBXFileReference section */

/* Begin PBXFrameworksBuildPhase section */
		BA5B50FE2365870600BC128E /* Frameworks */ = {
			isa = PBXFrameworksBuildPhase;
			buildActionMask = 2147483647;
			files = (
				8334E9A5B4750A4FA7E64502 /* Pods_Massimiliano.framework in Frameworks */,
			);
			runOnlyForDeploymentPostprocessing = 0;
		};
		BA5B51122365870800BC128E /* Frameworks */ = {
			isa = PBXFrameworksBuildPhase;
			buildActionMask = 2147483647;
			files = (
			);
			runOnlyForDeploymentPostprocessing = 0;
		};
		BA5B511D2365870800BC128E /* Frameworks */ = {
			isa = PBXFrameworksBuildPhase;
			buildActionMask = 2147483647;
			files = (
			);
			runOnlyForDeploymentPostprocessing = 0;
		};
/* End PBXFrameworksBuildPhase section */

/* Begin PBXGroup section */
		1135CEED68791EC6CA58B092 /* Pods */ = {
			isa = PBXGroup;
			children = (
				3A678527D7D9199B46D2D681 /* Pods-Massimiliano.debug.xcconfig */,
				F6422E066E38D9F930A231A1 /* Pods-Massimiliano.release.xcconfig */,
			);
			name = Pods;
			sourceTree = "<group>";
		};
		3A85E999425B3ECC59595C90 /* Frameworks */ = {
			isa = PBXGroup;
			children = (
				CF2DD5AC52C7B5963CD02109 /* Pods_Massimiliano.framework */,
			);
			name = Frameworks;
			sourceTree = "<group>";
		};
		BA143E892390759E0024BB65 /* Face API Application */ = {
			isa = PBXGroup;
			children = (
				BA143E8C239076AD0024BB65 /* Services */,
				BA143E8A239075B90024BB65 /* ApplicationConstants.swift */,
			);
			path = "Face API Application";
			sourceTree = "<group>";
		};
		BA143E8C239076AD0024BB65 /* Services */ = {
			isa = PBXGroup;
			children = (
				BA143E8E239076C00024BB65 /* Graph */,
				BA143E8D239076B80024BB65 /* Face API */,
			);
			path = Services;
			sourceTree = "<group>";
		};
		BA143E8D239076B80024BB65 /* Face API */ = {
			isa = PBXGroup;
			children = (
				BA143E93239077070024BB65 /* FaceAPI.swift */,
			);
			path = "Face API";
			sourceTree = "<group>";
		};
		BA143E8E239076C00024BB65 /* Graph */ = {
			isa = PBXGroup;
			children = (
				BA143E90239076F30024BB65 /* Graph.swift */,
			);
			path = Graph;
			sourceTree = "<group>";
		};
		BA25806D23E353BC0037CA10 /* Settings */ = {
			isa = PBXGroup;
			children = (
				BA25806E23E353F20037CA10 /* SettingsViewController.swift */,
				BA25807023E3554B0037CA10 /* IAPShowViewController.swift */,
			);
			path = Settings;
			sourceTree = "<group>";
		};
		BA5B50F82365870600BC128E = {
			isa = PBXGroup;
			children = (
				BA5B51032365870600BC128E /* Massimiliano */,
				BA5B51182365870800BC128E /* MassimilianoTests */,
				BA5B51232365870800BC128E /* MassimilianoUITests */,
				BA5B51022365870600BC128E /* Products */,
				1135CEED68791EC6CA58B092 /* Pods */,
				3A85E999425B3ECC59595C90 /* Frameworks */,
			);
			sourceTree = "<group>";
		};
		BA5B51022365870600BC128E /* Products */ = {
			isa = PBXGroup;
			children = (
				BA5B51012365870600BC128E /* FeelPics.app */,
				BA5B51152365870800BC128E /* MassimilianoTests.xctest */,
				BA5B51202365870800BC128E /* MassimilianoUITests.xctest */,
			);
			name = Products;
			sourceTree = "<group>";
		};
		BA5B51032365870600BC128E /* Massimiliano */ = {
			isa = PBXGroup;
			children = (
				BA143E892390759E0024BB65 /* Face API Application */,
				BA8B95672365DFC60043A79A /* Models */,
				BA8B95662365DFBF0043A79A /* Views */,
				BA8B95652365DFB50043A79A /* Controllers */,
				BA8B95682365DFD30043A79A /* Storyboards */,
				BA8B95692365DFDF0043A79A /* Third-Part Libraries */,
				BA5B51042365870600BC128E /* AppDelegate.swift */,
				BA5B510B2365870800BC128E /* Assets.xcassets */,
				BA5B51102365870800BC128E /* Info.plist */,
				BA8B94D02365DBF50043A79A /* Custom Fonts */,
			);
			path = Massimiliano;
			sourceTree = "<group>";
		};
		BA5B51182365870800BC128E /* MassimilianoTests */ = {
			isa = PBXGroup;
			children = (
				BA5B51192365870800BC128E /* MassimilianoTests.swift */,
				BA5B511B2365870800BC128E /* Info.plist */,
			);
			path = MassimilianoTests;
			sourceTree = "<group>";
		};
		BA5B51232365870800BC128E /* MassimilianoUITests */ = {
			isa = PBXGroup;
			children = (
				BA5B51242365870800BC128E /* MassimilianoUITests.swift */,
				BA5B51262365870800BC128E /* Info.plist */,
			);
			path = MassimilianoUITests;
			sourceTree = "<group>";
		};
		BA8B94D02365DBF50043A79A /* Custom Fonts */ = {
			isa = PBXGroup;
			children = (
				BA8B94DC2365DBF50043A79A /* SFProDisplay-Ultralight.ttf */,
				BA8B94E12365DBF50043A79A /* SFProDisplay-RegularItalic.ttf */,
				BA8B94E72365DBF50043A79A /* SFProDisplay-SemiboldItalic.ttf */,
				BA8B94EB2365DBF50043A79A /* SFProDisplay-BoldItalic.ttf */,
				BA8B94EC2365DBF50043A79A /* SFProDisplay-Medium.ttf */,
				BA8B94ED2365DBF50043A79A /* SFProDisplay-Black.ttf */,
				BA8B94F22365DBF50043A79A /* SFProDisplay-ThinItalic.ttf */,
				BA8B94F52365DBF50043A79A /* SFProDisplay-Light.ttf */,
				BA8B94F62365DBF50043A79A /* SFProDisplay-Regular.ttf */,
				BA8B94F72365DBF50043A79A /* SFProDisplay-BlackItalic.ttf */,
				BA8B95072365DBF50043A79A /* SFProDisplay-MediumItalic.ttf */,
				BA8B95092365DBF50043A79A /* SFProDisplay-Bold.ttf */,
				BA8B950F2365DBF50043A79A /* SFProDisplay-HeavyItalic.ttf */,
				BA8B95102365DBF50043A79A /* SFProDisplay-Semibold.ttf */,
				BA8B95122365DBF50043A79A /* SFProDisplay-Heavy.ttf */,
				BA8B95142365DBF50043A79A /* SFProDisplay-LightItalic.ttf */,
				BA8B95192365DBF50043A79A /* SFProDisplay-UltralightItalic.ttf */,
				BA8B951A2365DBF50043A79A /* SFProDisplay-Thin.ttf */,
			);
			path = "Custom Fonts";
			sourceTree = "<group>";
		};
		BA8B95652365DFB50043A79A /* Controllers */ = {
			isa = PBXGroup;
			children = (
				BA8B95C72365E0D70043A79A /* LaunchViewController.swift */,
				BA8B95EC2369C00B0043A79A /* Moods Tab */,
				BA8B95E42369B8670043A79A /* Photos Tab */,
				BA8B95D52366EE540043A79A /* Home View Controllers */,
				BA8B95D22365EAC10043A79A /* NewUserPath */,
				BA25806D23E353BC0037CA10 /* Settings */,
			);
			path = Controllers;
			sourceTree = "<group>";
		};
		BA8B95662365DFBF0043A79A /* Views */ = {
			isa = PBXGroup;
			children = (
				BA8B95DE2369B7820043A79A /* Tabs */,
				BA8B95CD2365E96E0043A79A /* WalkMe */,
			);
			path = Views;
			sourceTree = "<group>";
		};
		BA8B95672365DFC60043A79A /* Models */ = {
			isa = PBXGroup;
			children = (
				BA8F0612236E2B2E007597F5 /* ImageWithEmotion.swift */,
				BA143E95239081D40024BB65 /* PhotoEmotion.swift */,
				BA143E9723930A200024BB65 /* GalleryEmotionImage.swift */,
			);
			path = Models;
			sourceTree = "<group>";
		};
		BA8B95682365DFD30043A79A /* Storyboards */ = {
			isa = PBXGroup;
			children = (
				BA5B51082365870600BC128E /* Main.storyboard */,
				BA5B510D2365870800BC128E /* LaunchScreen.storyboard */,
				BA8B95C92365E1700043A79A /* NewUserPath.storyboard */,
				BA8B95CB2365E19C0043A79A /* Home.storyboard */,
				BA8B95D8236845330043A79A /* PhotosTab.storyboard */,
				BA8B95DA236846120043A79A /* MoodsTab.storyboard */,
				BA8B95DC236846A30043A79A /* SettingsTab.storyboard */,
			);
			path = Storyboards;
			sourceTree = "<group>";
		};
		BA8B95692365DFDF0043A79A /* Third-Part Libraries */ = {
			isa = PBXGroup;
			children = (
				BA8B956A2365E04C0043A79A /* MyAwesomeLibrary */,
			);
			path = "Third-Part Libraries";
			sourceTree = "<group>";
		};
		BA8B956A2365E04C0043A79A /* MyAwesomeLibrary */ = {
			isa = PBXGroup;
			children = (
				BA8B956B2365E04C0043A79A /* SwiftySideMenuO */,
				BA8B95772365E04C0043A79A /* Date Extension */,
				BA8B95792365E04C0043A79A /* Notification Extension */,
				BA8B957B2365E04C0043A79A /* Double Extension */,
				BA8B957D2365E04C0043A79A /* Image Extension */,
				BA8B957F2365E04C0043A79A /* Form Validation */,
				BA8B95812365E04C0043A79A /* UILabel Extension */,
				BA8B95832365E04C0043A79A /* Custom Switch */,
				BA8B95872365E04C0043A79A /* App Storyboard Manager */,
				BA8B95892365E04C0043A79A /* Tag Collection Flow Layout View */,
				BA8B958B2365E04C0043A79A /* App Data */,
				BA8B958D2365E04C0043A79A /* Array Extension */,
				BA8B958F2365E04C0043A79A /* My Custom Views */,
				BA8B95952365E04C0043A79A /* View Extension */,
				BA8B95972365E04C0043A79A /* NoDataTableView */,
				BA8B959A2365E04C0043A79A /* Camera Handler */,
				BA8B959C2365E04C0043A79A /* Alert Controllers */,
				BA8B959E2365E04C0043A79A /* String Extension */,
				BA8B95A02365E04C0043A79A /* Loading View */,
			);
			path = MyAwesomeLibrary;
			sourceTree = "<group>";
		};
		BA8B956B2365E04C0043A79A /* SwiftySideMenuO */ = {
			isa = PBXGroup;
			children = (
				BA8B956C2365E04C0043A79A /* SwiftySideMenuHelper.swift */,
				BA8B956D2365E04C0043A79A /* menuButton.png */,
				BA8B956E2365E04C0043A79A /* SwiftySideMenuImageView.swift */,
				BA8B956F2365E04C0043A79A /* SwiftySideMenuChildViewControllers.swift */,
				BA8B95702365E04C0043A79A /* SwiftySideMenuViewController.swift */,
				BA8B95712365E04C0043A79A /* SwiftySideMenuO.h */,
				BA8B95722365E04C0043A79A /* SwiftySideMenuInfo.swift */,
				BA8B95732365E04C0043A79A /* SwiftySideMenuImageView.xib */,
				BA8B95742365E04C0043A79A /* SwiftySideMenuDataSource.swift */,
				BA8B95752365E04C0043A79A /* dismissViewOverlay.png */,
				BA8B95762365E04C0043A79A /* Info.plist */,
			);
			path = SwiftySideMenuO;
			sourceTree = "<group>";
		};
		BA8B95772365E04C0043A79A /* Date Extension */ = {
			isa = PBXGroup;
			children = (
				BA8B95782365E04C0043A79A /* DateExtension.swift */,
			);
			path = "Date Extension";
			sourceTree = "<group>";
		};
		BA8B95792365E04C0043A79A /* Notification Extension */ = {
			isa = PBXGroup;
			children = (
				BA8B957A2365E04C0043A79A /* NotificationTypes.swift */,
			);
			path = "Notification Extension";
			sourceTree = "<group>";
		};
		BA8B957B2365E04C0043A79A /* Double Extension */ = {
			isa = PBXGroup;
			children = (
				BA8B957C2365E04C0043A79A /* DoubleExtension.swift */,
			);
			path = "Double Extension";
			sourceTree = "<group>";
		};
		BA8B957D2365E04C0043A79A /* Image Extension */ = {
			isa = PBXGroup;
			children = (
				BA8B957E2365E04C0043A79A /* UIImageExtension.swift */,
			);
			path = "Image Extension";
			sourceTree = "<group>";
		};
		BA8B957F2365E04C0043A79A /* Form Validation */ = {
			isa = PBXGroup;
			children = (
				BA8B95802365E04C0043A79A /* FormValidator.swift */,
			);
			path = "Form Validation";
			sourceTree = "<group>";
		};
		BA8B95812365E04C0043A79A /* UILabel Extension */ = {
			isa = PBXGroup;
			children = (
				BA8B95822365E04C0043A79A /* UILabelExtension.swift */,
			);
			path = "UILabel Extension";
			sourceTree = "<group>";
		};
		BA8B95832365E04C0043A79A /* Custom Switch */ = {
			isa = PBXGroup;
			children = (
				BA8B95842365E04C0043A79A /* EasySwitchDelegate.swift */,
				BA8B95852365E04C0043A79A /* EasySwitch.xib */,
				BA8B95862365E04C0043A79A /* EasySwitch.swift */,
			);
			path = "Custom Switch";
			sourceTree = "<group>";
		};
		BA8B95872365E04C0043A79A /* App Storyboard Manager */ = {
			isa = PBXGroup;
			children = (
				BA8B95882365E04C0043A79A /* AppStoryboard.swift */,
			);
			path = "App Storyboard Manager";
			sourceTree = "<group>";
		};
		BA8B95892365E04C0043A79A /* Tag Collection Flow Layout View */ = {
			isa = PBXGroup;
			children = (
				BA8B958A2365E04C0043A79A /* TagFlowLayout.swift */,
			);
			path = "Tag Collection Flow Layout View";
			sourceTree = "<group>";
		};
		BA8B958B2365E04C0043A79A /* App Data */ = {
			isa = PBXGroup;
			children = (
				BA8B958C2365E04C0043A79A /* AppData.swift */,
			);
			path = "App Data";
			sourceTree = "<group>";
		};
		BA8B958D2365E04C0043A79A /* Array Extension */ = {
			isa = PBXGroup;
			children = (
				BA8B958E2365E04C0043A79A /* ArrayExtension.swift */,
			);
			path = "Array Extension";
			sourceTree = "<group>";
		};
		BA8B958F2365E04C0043A79A /* My Custom Views */ = {
			isa = PBXGroup;
			children = (
				BA8B95902365E04C0043A79A /* MyAwesomeTextField.swift */,
				BA8B95912365E04C0043A79A /* MyAwsomeButton.swift */,
				BA8B95922365E04C0043A79A /* MyAwesomeTextView.swift */,
				BA8B95932365E04C0043A79A /* MyAwesomeView.swift */,
				BA8B95942365E04C0043A79A /* MyGradientView.swift */,
			);
			path = "My Custom Views";
			sourceTree = "<group>";
		};
		BA8B95952365E04C0043A79A /* View Extension */ = {
			isa = PBXGroup;
			children = (
				BA8B95962365E04C0043A79A /* ViewExtension.swift */,
			);
			path = "View Extension";
			sourceTree = "<group>";
		};
		BA8B95972365E04C0043A79A /* NoDataTableView */ = {
			isa = PBXGroup;
			children = (
				BA8B95982365E04C0043A79A /* NoDataView.swift */,
				BA8B95992365E04C0043A79A /* NoDataView.xib */,
			);
			path = NoDataTableView;
			sourceTree = "<group>";
		};
		BA8B959A2365E04C0043A79A /* Camera Handler */ = {
			isa = PBXGroup;
			children = (
				BA8B959B2365E04C0043A79A /* CameraHandler.swift */,
			);
			path = "Camera Handler";
			sourceTree = "<group>";
		};
		BA8B959C2365E04C0043A79A /* Alert Controllers */ = {
			isa = PBXGroup;
			children = (
				BA8B959D2365E04C0043A79A /* AlertController.swift */,
			);
			path = "Alert Controllers";
			sourceTree = "<group>";
		};
		BA8B959E2365E04C0043A79A /* String Extension */ = {
			isa = PBXGroup;
			children = (
				BA8B959F2365E04C0043A79A /* StringExtension.swift */,
			);
			path = "String Extension";
			sourceTree = "<group>";
		};
		BA8B95A02365E04C0043A79A /* Loading View */ = {
			isa = PBXGroup;
			children = (
				BA8B95A12365E04C0043A79A /* SimpleLoadingView.swift */,
				BA8B95A22365E04C0043A79A /* SimpleLoadingView.xib */,
			);
			path = "Loading View";
			sourceTree = "<group>";
		};
		BA8B95CD2365E96E0043A79A /* WalkMe */ = {
			isa = PBXGroup;
			children = (
				BA8B95CE2365E9950043A79A /* WalkMeCollectionViewCell.swift */,
				BA8B95CF2365E9950043A79A /* WalkMeCollectionViewCell.xib */,
			);
			path = WalkMe;
			sourceTree = "<group>";
		};
		BA8B95D22365EAC10043A79A /* NewUserPath */ = {
			isa = PBXGroup;
			children = (
				BA8B95D32365EADC0043A79A /* WalkMeViewController.swift */,
			);
			path = NewUserPath;
			sourceTree = "<group>";
		};
		BA8B95D52366EE540043A79A /* Home View Controllers */ = {
			isa = PBXGroup;
			children = (
				BA8B95D62366EE890043A79A /* HomeViewController.swift */,
			);
			path = "Home View Controllers";
			sourceTree = "<group>";
		};
		BA8B95DE2369B7820043A79A /* Tabs */ = {
			isa = PBXGroup;
			children = (
				BA8B95DF2369B78D0043A79A /* Photos Tab */,
				BA8B95E72369BDEA0043A79A /* Moods Tab */,
			);
			path = Tabs;
			sourceTree = "<group>";
		};
		BA8B95DF2369B78D0043A79A /* Photos Tab */ = {
			isa = PBXGroup;
			children = (
				BA8B95E02369B7AA0043A79A /* PhotoGalleryCollectionViewCell.swift */,
				BA8B95E12369B7AA0043A79A /* PhotoGalleryCollectionViewCell.xib */,
			);
			path = "Photos Tab";
			sourceTree = "<group>";
		};
		BA8B95E42369B8670043A79A /* Photos Tab */ = {
			isa = PBXGroup;
			children = (
				BA8B95E52369B8940043A79A /* PhotosTabViewController.swift */,
				BA8F0610236E2671007597F5 /* PhotoEmotionCaptureViewController.swift */,
				BA52E14E23D7A0F4009FCAE4 /* MoodRealViewController.swift */,
			);
			path = "Photos Tab";
			sourceTree = "<group>";
		};
		BA8B95E72369BDEA0043A79A /* Moods Tab */ = {
			isa = PBXGroup;
			children = (
				BA8B95E82369BE710043A79A /* MoodsSectionCollectionViewCell.swift */,
				BA8B95E92369BE710043A79A /* MoodsSectionCollectionViewCell.xib */,
				BA143E9B239319190024BB65 /* SelectedMoodPhotoCollectionViewCell.swift */,
				BA143E9C239319190024BB65 /* SelectedMoodPhotoCollectionViewCell.xib */,
				BA5253A123D8F7F900588A35 /* MoodReelCollectionViewCell.swift */,
				BA5253A223D8F7F900588A35 /* MoodReelCollectionViewCell.xib */,
			);
			path = "Moods Tab";
			sourceTree = "<group>";
		};
		BA8B95EC2369C00B0043A79A /* Moods Tab */ = {
			isa = PBXGroup;
			children = (
				BA8B95ED2369C0290043A79A /* MoodsTabViewController.swift */,
				BA143E99239317FF0024BB65 /* SelectedMoodPhotosViewController.swift */,
				BA143E9F2393DF360024BB65 /* MoodPhotoViewController.swift */,
			);
			path = "Moods Tab";
			sourceTree = "<group>";
		};
/* End PBXGroup section */

/* Begin PBXNativeTarget section */
		BA5B51002365870600BC128E /* Massimiliano */ = {
			isa = PBXNativeTarget;
			buildConfigurationList = BA5B51292365870800BC128E /* Build configuration list for PBXNativeTarget "Massimiliano" */;
			buildPhases = (
				5148D7E26B3665AF0B9C7FF8 /* [CP] Check Pods Manifest.lock */,
				BA5B50FD2365870600BC128E /* Sources */,
				BA5B50FE2365870600BC128E /* Frameworks */,
				BA5B50FF2365870600BC128E /* Resources */,
				040EE165B87351E82E717E29 /* [CP] Embed Pods Frameworks */,
			);
			buildRules = (
			);
			dependencies = (
			);
			name = Massimiliano;
			productName = Massimiliano;
			productReference = BA5B51012365870600BC128E /* FeelPics.app */;
			productType = "com.apple.product-type.application";
		};
		BA5B51142365870800BC128E /* MassimilianoTests */ = {
			isa = PBXNativeTarget;
			buildConfigurationList = BA5B512C2365870800BC128E /* Build configuration list for PBXNativeTarget "MassimilianoTests" */;
			buildPhases = (
				BA5B51112365870800BC128E /* Sources */,
				BA5B51122365870800BC128E /* Frameworks */,
				BA5B51132365870800BC128E /* Resources */,
			);
			buildRules = (
			);
			dependencies = (
				BA5B51172365870800BC128E /* PBXTargetDependency */,
			);
			name = MassimilianoTests;
			productName = MassimilianoTests;
			productReference = BA5B51152365870800BC128E /* MassimilianoTests.xctest */;
			productType = "com.apple.product-type.bundle.unit-test";
		};
		BA5B511F2365870800BC128E /* MassimilianoUITests */ = {
			isa = PBXNativeTarget;
			buildConfigurationList = BA5B512F2365870800BC128E /* Build configuration list for PBXNativeTarget "MassimilianoUITests" */;
			buildPhases = (
				BA5B511C2365870800BC128E /* Sources */,
				BA5B511D2365870800BC128E /* Frameworks */,
				BA5B511E2365870800BC128E /* Resources */,
			);
			buildRules = (
			);
			dependencies = (
				BA5B51222365870800BC128E /* PBXTargetDependency */,
			);
			name = MassimilianoUITests;
			productName = MassimilianoUITests;
			productReference = BA5B51202365870800BC128E /* MassimilianoUITests.xctest */;
			productType = "com.apple.product-type.bundle.ui-testing";
		};
/* End PBXNativeTarget section */

/* Begin PBXProject section */
		BA5B50F92365870600BC128E /* Project object */ = {
			isa = PBXProject;
			attributes = {
				LastSwiftUpdateCheck = 1020;
				LastUpgradeCheck = 1020;
				ORGANIZATIONNAME = Chathuranga;
				TargetAttributes = {
					BA5B51002365870600BC128E = {
						CreatedOnToolsVersion = 10.2.1;
					};
					BA5B51142365870800BC128E = {
						CreatedOnToolsVersion = 10.2.1;
						TestTargetID = BA5B51002365870600BC128E;
					};
					BA5B511F2365870800BC128E = {
						CreatedOnToolsVersion = 10.2.1;
						TestTargetID = BA5B51002365870600BC128E;
					};
				};
			};
			buildConfigurationList = BA5B50FC2365870600BC128E /* Build configuration list for PBXProject "Massimiliano" */;
			compatibilityVersion = "Xcode 9.3";
			developmentRegion = en;
			hasScannedForEncodings = 0;
			knownRegions = (
				en,
				Base,
			);
			mainGroup = BA5B50F82365870600BC128E;
			productRefGroup = BA5B51022365870600BC128E /* Products */;
			projectDirPath = "";
			projectRoot = "";
			targets = (
				BA5B51002365870600BC128E /* Massimiliano */,
				BA5B51142365870800BC128E /* MassimilianoTests */,
				BA5B511F2365870800BC128E /* MassimilianoUITests */,
			);
		};
/* End PBXProject section */

/* Begin PBXResourcesBuildPhase section */
		BA5B50FF2365870600BC128E /* Resources */ = {
			isa = PBXResourcesBuildPhase;
			buildActionMask = 2147483647;
			files = (
				BA8B95412365DBF50043A79A /* SFProDisplay-BlackItalic.ttf in Resources */,
				BA8B953C2365DBF50043A79A /* SFProDisplay-ThinItalic.ttf in Resources */,
				BA8B95D9236845330043A79A /* PhotosTab.storyboard in Resources */,
				BA8B95DB236846120043A79A /* MoodsTab.storyboard in Resources */,
				BA8B95AB2365E04C0043A79A /* dismissViewOverlay.png in Resources */,
				BA8B95632365DBF50043A79A /* SFProDisplay-UltralightItalic.ttf in Resources */,
				BA8B953F2365DBF50043A79A /* SFProDisplay-Light.ttf in Resources */,
				BA5253A423D8F7F900588A35 /* MoodReelCollectionViewCell.xib in Resources */,
				BA8B95642365DBF50043A79A /* SFProDisplay-Thin.ttf in Resources */,
				BA8B95A92365E04C0043A79A /* SwiftySideMenuImageView.xib in Resources */,
				BA5B510F2365870800BC128E /* LaunchScreen.storyboard in Resources */,
				BA5B510C2365870800BC128E /* Assets.xcassets in Resources */,
				BA8B95512365DBF50043A79A /* SFProDisplay-MediumItalic.ttf in Resources */,
				BA8B95262365DBF50043A79A /* SFProDisplay-Ultralight.ttf in Resources */,
				BA143E9E239319190024BB65 /* SelectedMoodPhotoCollectionViewCell.xib in Resources */,
				BA8B95D12365E9960043A79A /* WalkMeCollectionViewCell.xib in Resources */,
				BA8B95532365DBF50043A79A /* SFProDisplay-Bold.ttf in Resources */,
				BA8B95C12365E04C0043A79A /* NoDataView.xib in Resources */,
				BA5B510A2365870600BC128E /* Main.storyboard in Resources */,
				BA8B95592365DBF50043A79A /* SFProDisplay-HeavyItalic.ttf in Resources */,
				BA8B952B2365DBF50043A79A /* SFProDisplay-RegularItalic.ttf in Resources */,
				BA8B95CA2365E1700043A79A /* NewUserPath.storyboard in Resources */,
				BA8B95B42365E04C0043A79A /* EasySwitch.xib in Resources */,
				BA8B95362365DBF50043A79A /* SFProDisplay-Medium.ttf in Resources */,
				BA8B95A42365E04C0043A79A /* menuButton.png in Resources */,
				BA8B955E2365DBF50043A79A /* SFProDisplay-LightItalic.ttf in Resources */,
				BA8B95E32369B7AA0043A79A /* PhotoGalleryCollectionViewCell.xib in Resources */,
				BA8B95CC2365E19C0043A79A /* Home.storyboard in Resources */,
				BA8B95352365DBF50043A79A /* SFProDisplay-BoldItalic.ttf in Resources */,
				BA8B95C62365E04C0043A79A /* SimpleLoadingView.xib in Resources */,
				BA8B95EB2369BE710043A79A /* MoodsSectionCollectionViewCell.xib in Resources */,
				BA8B95402365DBF50043A79A /* SFProDisplay-Regular.ttf in Resources */,
				BA8B95DD236846A30043A79A /* SettingsTab.storyboard in Resources */,
				BA8B95312365DBF50043A79A /* SFProDisplay-SemiboldItalic.ttf in Resources */,
				BA8B955C2365DBF50043A79A /* SFProDisplay-Heavy.ttf in Resources */,
				BA8B95372365DBF50043A79A /* SFProDisplay-Black.ttf in Resources */,
				BA8B955A2365DBF50043A79A /* SFProDisplay-Semibold.ttf in Resources */,
			);
			runOnlyForDeploymentPostprocessing = 0;
		};
		BA5B51132365870800BC128E /* Resources */ = {
			isa = PBXResourcesBuildPhase;
			buildActionMask = 2147483647;
			files = (
			);
			runOnlyForDeploymentPostprocessing = 0;
		};
		BA5B511E2365870800BC128E /* Resources */ = {
			isa = PBXResourcesBuildPhase;
			buildActionMask = 2147483647;
			files = (
			);
			runOnlyForDeploymentPostprocessing = 0;
		};
/* End PBXResourcesBuildPhase section */

/* Begin PBXShellScriptBuildPhase section */
		040EE165B87351E82E717E29 /* [CP] Embed Pods Frameworks */ = {
			isa = PBXShellScriptBuildPhase;
			buildActionMask = 2147483647;
			files = (
			);
			inputFileListPaths = (
			);
			inputPaths = (
				"${SRCROOT}/Pods/Target Support Files/Pods-Massimiliano/Pods-Massimiliano-frameworks.sh",
				"${BUILT_PRODUCTS_DIR}/Alamofire/Alamofire.framework",
				"${BUILT_PRODUCTS_DIR}/MSAL/MSAL.framework",
				"${BUILT_PRODUCTS_DIR}/MSGraphSDK/MSGraphSDK.framework",
				"${BUILT_PRODUCTS_DIR}/ProjectOxfordFace/ProjectOxfordFace.framework",
				"${BUILT_PRODUCTS_DIR}/RSKImageCropper/RSKImageCropper.framework",
				"${BUILT_PRODUCTS_DIR}/Realm/Realm.framework",
				"${BUILT_PRODUCTS_DIR}/RealmSwift/RealmSwift.framework",
				"${BUILT_PRODUCTS_DIR}/SwiftyJSON/SwiftyJSON.framework",
			);
			name = "[CP] Embed Pods Frameworks";
			outputFileListPaths = (
			);
			outputPaths = (
				"${TARGET_BUILD_DIR}/${FRAMEWORKS_FOLDER_PATH}/Alamofire.framework",
				"${TARGET_BUILD_DIR}/${FRAMEWORKS_FOLDER_PATH}/MSAL.framework",
				"${TARGET_BUILD_DIR}/${FRAMEWORKS_FOLDER_PATH}/MSGraphSDK.framework",
				"${TARGET_BUILD_DIR}/${FRAMEWORKS_FOLDER_PATH}/ProjectOxfordFace.framework",
				"${TARGET_BUILD_DIR}/${FRAMEWORKS_FOLDER_PATH}/RSKImageCropper.framework",
				"${TARGET_BUILD_DIR}/${FRAMEWORKS_FOLDER_PATH}/Realm.framework",
				"${TARGET_BUILD_DIR}/${FRAMEWORKS_FOLDER_PATH}/RealmSwift.framework",
				"${TARGET_BUILD_DIR}/${FRAMEWORKS_FOLDER_PATH}/SwiftyJSON.framework",
			);
			runOnlyForDeploymentPostprocessing = 0;
			shellPath = /bin/sh;
			shellScript = "\"${SRCROOT}/Pods/Target Support Files/Pods-Massimiliano/Pods-Massimiliano-frameworks.sh\"\n";
			showEnvVarsInLog = 0;
		};
		5148D7E26B3665AF0B9C7FF8 /* [CP] Check Pods Manifest.lock */ = {
			isa = PBXShellScriptBuildPhase;
			buildActionMask = 2147483647;
			files = (
			);
			inputFileListPaths = (
			);
			inputPaths = (
				"${PODS_PODFILE_DIR_PATH}/Podfile.lock",
				"${PODS_ROOT}/Manifest.lock",
			);
			name = "[CP] Check Pods Manifest.lock";
			outputFileListPaths = (
			);
			outputPaths = (
				"$(DERIVED_FILE_DIR)/Pods-Massimiliano-checkManifestLockResult.txt",
			);
			runOnlyForDeploymentPostprocessing = 0;
			shellPath = /bin/sh;
			shellScript = "diff \"${PODS_PODFILE_DIR_PATH}/Podfile.lock\" \"${PODS_ROOT}/Manifest.lock\" > /dev/null\nif [ $? != 0 ] ; then\n    # print error to STDERR\n    echo \"error: The sandbox is not in sync with the Podfile.lock. Run 'pod install' or update your CocoaPods installation.\" >&2\n    exit 1\nfi\n# This output is used by Xcode 'outputs' to avoid re-running this script phase.\necho \"SUCCESS\" > \"${SCRIPT_OUTPUT_FILE_0}\"\n";
			showEnvVarsInLog = 0;
		};
/* End PBXShellScriptBuildPhase section */

/* Begin PBXSourcesBuildPhase section */
		BA5B50FD2365870600BC128E /* Sources */ = {
			isa = PBXSourcesBuildPhase;
			buildActionMask = 2147483647;
			files = (
				BA8B95B12365E04C0043A79A /* FormValidator.swift in Sources */,
				BA8B95D02365E9950043A79A /* WalkMeCollectionViewCell.swift in Sources */,
				BA8B95C52365E04C0043A79A /* SimpleLoadingView.swift in Sources */,
				BA8B95D72366EE890043A79A /* HomeViewController.swift in Sources */,
				BA8B95BC2365E04C0043A79A /* MyAwesomeTextView.swift in Sources */,
				BA143E8B239075B90024BB65 /* ApplicationConstants.swift in Sources */,
				BA8F0611236E2671007597F5 /* PhotoEmotionCaptureViewController.swift in Sources */,
				BA8B95AF2365E04C0043A79A /* DoubleExtension.swift in Sources */,
				BA5B51052365870600BC128E /* AppDelegate.swift in Sources */,
				BA143E94239077070024BB65 /* FaceAPI.swift in Sources */,
				BA8B95C32365E04C0043A79A /* AlertController.swift in Sources */,
				BA8B95BF2365E04C0043A79A /* ViewExtension.swift in Sources */,
				BA8B95B72365E04C0043A79A /* TagFlowLayout.swift in Sources */,
				BA8B95AD2365E04C0043A79A /* DateExtension.swift in Sources */,
				BA143E9D239319190024BB65 /* SelectedMoodPhotoCollectionViewCell.swift in Sources */,
				BA8B95C02365E04C0043A79A /* NoDataView.swift in Sources */,
				BA8B95E22369B7AA0043A79A /* PhotoGalleryCollectionViewCell.swift in Sources */,
				BA143E9823930A200024BB65 /* GalleryEmotionImage.swift in Sources */,
				BA8B95A82365E04C0043A79A /* SwiftySideMenuInfo.swift in Sources */,
				BA8B95B02365E04C0043A79A /* UIImageExtension.swift in Sources */,
				BA25807123E3554B0037CA10 /* IAPShowViewController.swift in Sources */,
				BA5253A323D8F7F900588A35 /* MoodReelCollectionViewCell.swift in Sources */,
				BA8B95AA2365E04C0043A79A /* SwiftySideMenuDataSource.swift in Sources */,
				BA8B95C42365E04C0043A79A /* StringExtension.swift in Sources */,
				BA52E14F23D7A0F4009FCAE4 /* MoodRealViewController.swift in Sources */,
				BA143E92239076F30024BB65 /* Graph.swift in Sources */,
				BA8B95BD2365E04C0043A79A /* MyAwesomeView.swift in Sources */,
				BA143E9A239317FF0024BB65 /* SelectedMoodPhotosViewController.swift in Sources */,
				BA8B95A62365E04C0043A79A /* SwiftySideMenuChildViewControllers.swift in Sources */,
				BA8B95B62365E04C0043A79A /* AppStoryboard.swift in Sources */,
				BA25806F23E353F20037CA10 /* SettingsViewController.swift in Sources */,
				BA8B95D42365EADC0043A79A /* WalkMeViewController.swift in Sources */,
				BA8B95EE2369C0290043A79A /* MoodsTabViewController.swift in Sources */,
				BA8B95AE2365E04C0043A79A /* NotificationTypes.swift in Sources */,
				BA8B95A52365E04C0043A79A /* SwiftySideMenuImageView.swift in Sources */,
				BA8B95E62369B8940043A79A /* PhotosTabViewController.swift in Sources */,
				BA143EA02393DF360024BB65 /* MoodPhotoViewController.swift in Sources */,
				BA8B95B32365E04C0043A79A /* EasySwitchDelegate.swift in Sources */,
				BA8B95A72365E04C0043A79A /* SwiftySideMenuViewController.swift in Sources */,
				BA8B95A32365E04C0043A79A /* SwiftySideMenuHelper.swift in Sources */,
				BA8B95EA2369BE710043A79A /* MoodsSectionCollectionViewCell.swift in Sources */,
				BA8B95B52365E04C0043A79A /* EasySwitch.swift in Sources */,
				BA8B95C82365E0D70043A79A /* LaunchViewController.swift in Sources */,
				BA8B95BB2365E04C0043A79A /* MyAwsomeButton.swift in Sources */,
				BA8B95B22365E04C0043A79A /* UILabelExtension.swift in Sources */,
				BA8B95B82365E04C0043A79A /* AppData.swift in Sources */,
				BA143E96239081D40024BB65 /* PhotoEmotion.swift in Sources */,
				BA8F0613236E2B2E007597F5 /* ImageWithEmotion.swift in Sources */,
				BA8B95B92365E04C0043A79A /* ArrayExtension.swift in Sources */,
				BA8B95C22365E04C0043A79A /* CameraHandler.swift in Sources */,
				BA8B95BE2365E04C0043A79A /* MyGradientView.swift in Sources */,
				BA8B95BA2365E04C0043A79A /* MyAwesomeTextField.swift in Sources */,
			);
			runOnlyForDeploymentPostprocessing = 0;
		};
		BA5B51112365870800BC128E /* Sources */ = {
			isa = PBXSourcesBuildPhase;
			buildActionMask = 2147483647;
			files = (
				BA5B511A2365870800BC128E /* MassimilianoTests.swift in Sources */,
			);
			runOnlyForDeploymentPostprocessing = 0;
		};
		BA5B511C2365870800BC128E /* Sources */ = {
			isa = PBXSourcesBuildPhase;
			buildActionMask = 2147483647;
			files = (
				BA5B51252365870800BC128E /* MassimilianoUITests.swift in Sources */,
			);
			runOnlyForDeploymentPostprocessing = 0;
		};
/* End PBXSourcesBuildPhase section */

/* Begin PBXTargetDependency section */
		BA5B51172365870800BC128E /* PBXTargetDependency */ = {
			isa = PBXTargetDependency;
			target = BA5B51002365870600BC128E /* Massimiliano */;
			targetProxy = BA5B51162365870800BC128E /* PBXContainerItemProxy */;
		};
		BA5B51222365870800BC128E /* PBXTargetDependency */ = {
			isa = PBXTargetDependency;
			target = BA5B51002365870600BC128E /* Massimiliano */;
			targetProxy = BA5B51212365870800BC128E /* PBXContainerItemProxy */;
		};
/* End PBXTargetDependency section */

/* Begin PBXVariantGroup section */
		BA5B51082365870600BC128E /* Main.storyboard */ = {
			isa = PBXVariantGroup;
			children = (
				BA5B51092365870600BC128E /* Base */,
			);
			name = Main.storyboard;
			sourceTree = "<group>";
		};
		BA5B510D2365870800BC128E /* LaunchScreen.storyboard */ = {
			isa = PBXVariantGroup;
			children = (
				BA5B510E2365870800BC128E /* Base */,
			);
			name = LaunchScreen.storyboard;
			sourceTree = "<group>";
		};
/* End PBXVariantGroup section */

/* Begin XCBuildConfiguration section */
		BA5B51272365870800BC128E /* Debug */ = {
			isa = XCBuildConfiguration;
			buildSettings = {
				ALWAYS_SEARCH_USER_PATHS = NO;
				CLANG_ANALYZER_NONNULL = YES;
				CLANG_ANALYZER_NUMBER_OBJECT_CONVERSION = YES_AGGRESSIVE;
				CLANG_CXX_LANGUAGE_STANDARD = "gnu++14";
				CLANG_CXX_LIBRARY = "libc++";
				CLANG_ENABLE_MODULES = YES;
				CLANG_ENABLE_OBJC_ARC = YES;
				CLANG_ENABLE_OBJC_WEAK = YES;
				CLANG_WARN_BLOCK_CAPTURE_AUTORELEASING = YES;
				CLANG_WARN_BOOL_CONVERSION = YES;
				CLANG_WARN_COMMA = YES;
				CLANG_WARN_CONSTANT_CONVERSION = YES;
				CLANG_WARN_DEPRECATED_OBJC_IMPLEMENTATIONS = YES;
				CLANG_WARN_DIRECT_OBJC_ISA_USAGE = YES_ERROR;
				CLANG_WARN_DOCUMENTATION_COMMENTS = YES;
				CLANG_WARN_EMPTY_BODY = YES;
				CLANG_WARN_ENUM_CONVERSION = YES;
				CLANG_WARN_INFINITE_RECURSION = YES;
				CLANG_WARN_INT_CONVERSION = YES;
				CLANG_WARN_NON_LITERAL_NULL_CONVERSION = YES;
				CLANG_WARN_OBJC_IMPLICIT_RETAIN_SELF = YES;
				CLANG_WARN_OBJC_LITERAL_CONVERSION = YES;
				CLANG_WARN_OBJC_ROOT_CLASS = YES_ERROR;
				CLANG_WARN_RANGE_LOOP_ANALYSIS = YES;
				CLANG_WARN_STRICT_PROTOTYPES = YES;
				CLANG_WARN_SUSPICIOUS_MOVE = YES;
				CLANG_WARN_UNGUARDED_AVAILABILITY = YES_AGGRESSIVE;
				CLANG_WARN_UNREACHABLE_CODE = YES;
				CLANG_WARN__DUPLICATE_METHOD_MATCH = YES;
				CODE_SIGN_IDENTITY = "iPhone Developer";
				COPY_PHASE_STRIP = NO;
				DEBUG_INFORMATION_FORMAT = dwarf;
				ENABLE_STRICT_OBJC_MSGSEND = YES;
				ENABLE_TESTABILITY = YES;
				GCC_C_LANGUAGE_STANDARD = gnu11;
				GCC_DYNAMIC_NO_PIC = NO;
				GCC_NO_COMMON_BLOCKS = YES;
				GCC_OPTIMIZATION_LEVEL = 0;
				GCC_PREPROCESSOR_DEFINITIONS = (
					"DEBUG=1",
					"$(inherited)",
				);
				GCC_WARN_64_TO_32_BIT_CONVERSION = YES;
				GCC_WARN_ABOUT_RETURN_TYPE = YES_ERROR;
				GCC_WARN_UNDECLARED_SELECTOR = YES;
				GCC_WARN_UNINITIALIZED_AUTOS = YES_AGGRESSIVE;
				GCC_WARN_UNUSED_FUNCTION = YES;
				GCC_WARN_UNUSED_VARIABLE = YES;
				IPHONEOS_DEPLOYMENT_TARGET = 12.2;
				MTL_ENABLE_DEBUG_INFO = INCLUDE_SOURCE;
				MTL_FAST_MATH = YES;
				ONLY_ACTIVE_ARCH = YES;
				SDKROOT = iphoneos;
				SWIFT_ACTIVE_COMPILATION_CONDITIONS = DEBUG;
				SWIFT_OPTIMIZATION_LEVEL = "-Onone";
			};
			name = Debug;
		};
		BA5B51282365870800BC128E /* Release */ = {
			isa = XCBuildConfiguration;
			buildSettings = {
				ALWAYS_SEARCH_USER_PATHS = NO;
				CLANG_ANALYZER_NONNULL = YES;
				CLANG_ANALYZER_NUMBER_OBJECT_CONVERSION = YES_AGGRESSIVE;
				CLANG_CXX_LANGUAGE_STANDARD = "gnu++14";
				CLANG_CXX_LIBRARY = "libc++";
				CLANG_ENABLE_MODULES = YES;
				CLANG_ENABLE_OBJC_ARC = YES;
				CLANG_ENABLE_OBJC_WEAK = YES;
				CLANG_WARN_BLOCK_CAPTURE_AUTORELEASING = YES;
				CLANG_WARN_BOOL_CONVERSION = YES;
				CLANG_WARN_COMMA = YES;
				CLANG_WARN_CONSTANT_CONVERSION = YES;
				CLANG_WARN_DEPRECATED_OBJC_IMPLEMENTATIONS = YES;
				CLANG_WARN_DIRECT_OBJC_ISA_USAGE = YES_ERROR;
				CLANG_WARN_DOCUMENTATION_COMMENTS = YES;
				CLANG_WARN_EMPTY_BODY = YES;
				CLANG_WARN_ENUM_CONVERSION = YES;
				CLANG_WARN_INFINITE_RECURSION = YES;
				CLANG_WARN_INT_CONVERSION = YES;
				CLANG_WARN_NON_LITERAL_NULL_CONVERSION = YES;
				CLANG_WARN_OBJC_IMPLICIT_RETAIN_SELF = YES;
				CLANG_WARN_OBJC_LITERAL_CONVERSION = YES;
				CLANG_WARN_OBJC_ROOT_CLASS = YES_ERROR;
				CLANG_WARN_RANGE_LOOP_ANALYSIS = YES;
				CLANG_WARN_STRICT_PROTOTYPES = YES;
				CLANG_WARN_SUSPICIOUS_MOVE = YES;
				CLANG_WARN_UNGUARDED_AVAILABILITY = YES_AGGRESSIVE;
				CLANG_WARN_UNREACHABLE_CODE = YES;
				CLANG_WARN__DUPLICATE_METHOD_MATCH = YES;
				CODE_SIGN_IDENTITY = "iPhone Developer";
				COPY_PHASE_STRIP = NO;
				DEBUG_INFORMATION_FORMAT = "dwarf-with-dsym";
				ENABLE_NS_ASSERTIONS = NO;
				ENABLE_STRICT_OBJC_MSGSEND = YES;
				GCC_C_LANGUAGE_STANDARD = gnu11;
				GCC_NO_COMMON_BLOCKS = YES;
				GCC_WARN_64_TO_32_BIT_CONVERSION = YES;
				GCC_WARN_ABOUT_RETURN_TYPE = YES_ERROR;
				GCC_WARN_UNDECLARED_SELECTOR = YES;
				GCC_WARN_UNINITIALIZED_AUTOS = YES_AGGRESSIVE;
				GCC_WARN_UNUSED_FUNCTION = YES;
				GCC_WARN_UNUSED_VARIABLE = YES;
				IPHONEOS_DEPLOYMENT_TARGET = 12.2;
				MTL_ENABLE_DEBUG_INFO = NO;
				MTL_FAST_MATH = YES;
				SDKROOT = iphoneos;
				SWIFT_COMPILATION_MODE = wholemodule;
				SWIFT_OPTIMIZATION_LEVEL = "-O";
				VALIDATE_PRODUCT = YES;
			};
			name = Release;
		};
		BA5B512A2365870800BC128E /* Debug */ = {
			isa = XCBuildConfiguration;
			baseConfigurationReference = 3A678527D7D9199B46D2D681 /* Pods-Massimiliano.debug.xcconfig */;
			buildSettings = {
				ASSETCATALOG_COMPILER_APPICON_NAME = AppIcon;
				CODE_SIGN_IDENTITY = "Apple Development";
				CODE_SIGN_STYLE = Automatic;
				CURRENT_PROJECT_VERSION = 7;
				DEVELOPMENT_TEAM = 6Y5L6877W6;
				INFOPLIST_FILE = Massimiliano/Info.plist;
				IPHONEOS_DEPLOYMENT_TARGET = 11.0;
				LD_RUNPATH_SEARCH_PATHS = (
					"$(inherited)",
					"@executable_path/Frameworks",
				);
				MARKETING_VERSION = 0.1;
				PRODUCT_BUNDLE_IDENTIFIER = com.Massimiliano.Massimiliano;
				PRODUCT_NAME = FeelPics;
				PROVISIONING_PROFILE_SPECIFIER = "";
				SWIFT_VERSION = 5.0;
				TARGETED_DEVICE_FAMILY = 1;
			};
			name = Debug;
		};
		BA5B512B2365870800BC128E /* Release */ = {
			isa = XCBuildConfiguration;
			baseConfigurationReference = F6422E066E38D9F930A231A1 /* Pods-Massimiliano.release.xcconfig */;
			buildSettings = {
				ASSETCATALOG_COMPILER_APPICON_NAME = AppIcon;
				CODE_SIGN_IDENTITY = "Apple Development";
				CODE_SIGN_STYLE = Automatic;
				CURRENT_PROJECT_VERSION = 7;
				DEVELOPMENT_TEAM = 6Y5L6877W6;
				INFOPLIST_FILE = Massimiliano/Info.plist;
				IPHONEOS_DEPLOYMENT_TARGET = 11.0;
				LD_RUNPATH_SEARCH_PATHS = (
					"$(inherited)",
					"@executable_path/Frameworks",
				);
				MARKETING_VERSION = 0.1;
				PRODUCT_BUNDLE_IDENTIFIER = com.Massimiliano.Massimiliano;
				PRODUCT_NAME = FeelPics;
				PROVISIONING_PROFILE_SPECIFIER = "";
				SWIFT_VERSION = 5.0;
				TARGETED_DEVICE_FAMILY = 1;
			};
			name = Release;
		};
		BA5B512D2365870800BC128E /* Debug */ = {
			isa = XCBuildConfiguration;
			buildSettings = {
				ALWAYS_EMBED_SWIFT_STANDARD_LIBRARIES = YES;
				BUNDLE_LOADER = "$(TEST_HOST)";
				CODE_SIGN_STYLE = Automatic;
				DEVELOPMENT_TEAM = WS4BP53MAH;
				INFOPLIST_FILE = MassimilianoTests/Info.plist;
				LD_RUNPATH_SEARCH_PATHS = (
					"$(inherited)",
					"@executable_path/Frameworks",
					"@loader_path/Frameworks",
				);
				PRODUCT_BUNDLE_IDENTIFIER = com.chathuranga.MassimilianoTests;
				PRODUCT_NAME = "$(TARGET_NAME)";
				SWIFT_VERSION = 5.0;
				TARGETED_DEVICE_FAMILY = "1,2";
				TEST_HOST = "$(BUILT_PRODUCTS_DIR)/Massimiliano.app/Massimiliano";
			};
			name = Debug;
		};
		BA5B512E2365870800BC128E /* Release */ = {
			isa = XCBuildConfiguration;
			buildSettings = {
				ALWAYS_EMBED_SWIFT_STANDARD_LIBRARIES = YES;
				BUNDLE_LOADER = "$(TEST_HOST)";
				CODE_SIGN_STYLE = Automatic;
				DEVELOPMENT_TEAM = WS4BP53MAH;
				INFOPLIST_FILE = MassimilianoTests/Info.plist;
				LD_RUNPATH_SEARCH_PATHS = (
					"$(inherited)",
					"@executable_path/Frameworks",
					"@loader_path/Frameworks",
				);
				PRODUCT_BUNDLE_IDENTIFIER = com.chathuranga.MassimilianoTests;
				PRODUCT_NAME = "$(TARGET_NAME)";
				SWIFT_VERSION = 5.0;
				TARGETED_DEVICE_FAMILY = "1,2";
				TEST_HOST = "$(BUILT_PRODUCTS_DIR)/Massimiliano.app/Massimiliano";
			};
			name = Release;
		};
		BA5B51302365870800BC128E /* Debug */ = {
			isa = XCBuildConfiguration;
			buildSettings = {
				ALWAYS_EMBED_SWIFT_STANDARD_LIBRARIES = YES;
				CODE_SIGN_STYLE = Automatic;
				DEVELOPMENT_TEAM = WS4BP53MAH;
				INFOPLIST_FILE = MassimilianoUITests/Info.plist;
				LD_RUNPATH_SEARCH_PATHS = (
					"$(inherited)",
					"@executable_path/Frameworks",
					"@loader_path/Frameworks",
				);
				PRODUCT_BUNDLE_IDENTIFIER = com.chathuranga.MassimilianoUITests;
				PRODUCT_NAME = "$(TARGET_NAME)";
				SWIFT_VERSION = 5.0;
				TARGETED_DEVICE_FAMILY = "1,2";
				TEST_TARGET_NAME = Massimiliano;
			};
			name = Debug;
		};
		BA5B51312365870800BC128E /* Release */ = {
			isa = XCBuildConfiguration;
			buildSettings = {
				ALWAYS_EMBED_SWIFT_STANDARD_LIBRARIES = YES;
				CODE_SIGN_STYLE = Automatic;
				DEVELOPMENT_TEAM = WS4BP53MAH;
				INFOPLIST_FILE = MassimilianoUITests/Info.plist;
				LD_RUNPATH_SEARCH_PATHS = (
					"$(inherited)",
					"@executable_path/Frameworks",
					"@loader_path/Frameworks",
				);
				PRODUCT_BUNDLE_IDENTIFIER = com.chathuranga.MassimilianoUITests;
				PRODUCT_NAME = "$(TARGET_NAME)";
				SWIFT_VERSION = 5.0;
				TARGETED_DEVICE_FAMILY = "1,2";
				TEST_TARGET_NAME = Massimiliano;
			};
			name = Release;
		};
/* End XCBuildConfiguration section */

/* Begin XCConfigurationList section */
		BA5B50FC2365870600BC128E /* Build configuration list for PBXProject "Massimiliano" */ = {
			isa = XCConfigurationList;
			buildConfigurations = (
				BA5B51272365870800BC128E /* Debug */,
				BA5B51282365870800BC128E /* Release */,
			);
			defaultConfigurationIsVisible = 0;
			defaultConfigurationName = Release;
		};
		BA5B51292365870800BC128E /* Build configuration list for PBXNativeTarget "Massimiliano" */ = {
			isa = XCConfigurationList;
			buildConfigurations = (
				BA5B512A2365870800BC128E /* Debug */,
				BA5B512B2365870800BC128E /* Release */,
			);
			defaultConfigurationIsVisible = 0;
			defaultConfigurationName = Release;
		};
		BA5B512C2365870800BC128E /* Build configuration list for PBXNativeTarget "MassimilianoTests" */ = {
			isa = XCConfigurationList;
			buildConfigurations = (
				BA5B512D2365870800BC128E /* Debug */,
				BA5B512E2365870800BC128E /* Release */,
			);
			defaultConfigurationIsVisible = 0;
			defaultConfigurationName = Release;
		};
		BA5B512F2365870800BC128E /* Build configuration list for PBXNativeTarget "MassimilianoUITests" */ = {
			isa = XCConfigurationList;
			buildConfigurations = (
				BA5B51302365870800BC128E /* Debug */,
				BA5B51312365870800BC128E /* Release */,
			);
			defaultConfigurationIsVisible = 0;
			defaultConfigurationName = Release;
		};
/* End XCConfigurationList section */
	};
	rootObject = BA5B50F92365870600BC128E /* Project object */;
}
